# This file is automatically @generated by Cargo.
# It is not intended for manual editing.
[[package]]
name = "peerstore"
version = "0.1.0"
dependencies = [
 "siphasher",
]

[[package]]
name = "siphasher"
version = "0.3.3"
source = "registry+https://github.com/rust-lang/crates.io-index"
checksum = "fa8f3741c7372e75519bd9346068370c9cdaabcc1f9599cbcf2a2719352286b7"
